PODS:
  - Alamofire (4.0.1)
  - Kingfisher (3.1.1)
  - p2.OAuth2 (3.0.0)
  - R.swift (3.0.0):
    - R.swift.Library (~> 3.0.0)
  - R.swift.Library (3.0.1)
  - SwiftyJSON (3.0.0)

DEPENDENCIES:
  - Alamofire (~> 4.0)
  - Kingfisher (~> 3.0)
  - p2.OAuth2 (from `https://github.com/p2/OAuth2`)
  - R.swift (~> 3.0.0)
  - SwiftyJSON (= 3.0.0)

EXTERNAL SOURCES:
  p2.OAuth2:
    :git: https://github.com/p2/OAuth2
    :submodules: true

CHECKOUT OPTIONS:
  p2.OAuth2:
    :commit: 5d5e3e1b1a13f39d4dce439fd6dce11bc4ccc721
    :git: https://github.com/p2/OAuth2
    :submodules: true

SPEC CHECKSUMS:
  Alamofire: 7682d43245de14874acd142ec137b144aa1dd335
  Kingfisher: 12b755ae697cc9f0fd3e550db8417fa1233e09ab
  p2.OAuth2: a8f96ecad6a46189b9b193691fea401139e43491
  R.swift: 5a8b4a4ea565b0f20c39d8ce1445f3d3a9064768
  R.swift.Library: 0869d8d546517aa79db078fd8262724391a38db8
  SwiftyJSON: f57b2b44bc166617372d1c70773591fe9f0f5fd4

PODFILE CHECKSUM: 32741b0ae1153bb17a3293cc804a269f88af8f63

COCOAPODS: 1.0.1
