// !$*UTF8*$!
{
	archiveVersion = 1;
	classes = {
	};
	objectVersion = 46;
	objects = {

/* Begin PBXBuildFile section */
		47C0FEA01D9710CC005C6955 /* AppDelegate.swift in Sources */ = {isa = PBXBuildFile; fileRef = 47C0FE9F1D9710CC005C6955 /* AppDelegate.swift */; };
		47C0FEAA1D9710CC005C6955 /* LaunchScreen.storyboard in Resources */ = {isa = PBXBuildFile; fileRef = 47C0FEA81D9710CC005C6955 /* LaunchScreen.storyboard */; };
		47C0FEB51D9714C9005C6955 /* Auth2Api.swift in Sources */ = {isa = PBXBuildFile; fileRef = 47C0FEB41D9714C9005C6955 /* Auth2Api.swift */; };
		47D51C2B1DA13FAF002B675D /* CommonWebViewController.swift in Sources */ = {isa = PBXBuildFile; fileRef = 47D51C2A1DA13FAF002B675D /* CommonWebViewController.swift */; };
		47D51C2D1DA13FBA002B675D /* Common.storyboard in Resources */ = {isa = PBXBuildFile; fileRef = 47D51C2C1DA13FBA002B675D /* Common.storyboard */; };
		47D51C301DA14030002B675D /* RootTabBarViewController.swift in Sources */ = {isa = PBXBuildFile; fileRef = 47D51C2F1DA14030002B675D /* RootTabBarViewController.swift */; };
		47D51C331DA1443E002B675D /* R.generated.swift in Sources */ = {isa = PBXBuildFile; fileRef = 47D51C321DA1443E002B675D /* R.generated.swift */; };
		47D51C371DA146CB002B675D /* LoginViewController.swift in Sources */ = {isa = PBXBuildFile; fileRef = 47D51C361DA146CB002B675D /* LoginViewController.swift */; };
		47D51C391DA146FD002B675D /* AccountViewController.swift in Sources */ = {isa = PBXBuildFile; fileRef = 47D51C381DA146FD002B675D /* AccountViewController.swift */; };
		47D51C3B1DA14707002B675D /* Account.storyboard in Resources */ = {isa = PBXBuildFile; fileRef = 47D51C3A1DA14707002B675D /* Account.storyboard */; };
		47D51C3E1DA1495A002B675D /* Assets.xcassets in Resources */ = {isa = PBXBuildFile; fileRef = 47D51C3D1DA1495A002B675D /* Assets.xcassets */; };
		47D51C401DA14BAD002B675D /* RootTabBar.storyboard in Resources */ = {isa = PBXBuildFile; fileRef = 47D51C3F1DA14BAD002B675D /* RootTabBar.storyboard */; };
		47D51C431DA150A6002B675D /* UIColor+enhanced.swift in Sources */ = {isa = PBXBuildFile; fileRef = 47D51C421DA150A6002B675D /* UIColor+enhanced.swift */; };
		47D51C451DA1536A002B675D /* Authentication.storyboard in Resources */ = {isa = PBXBuildFile; fileRef = 47D51C441DA1536A002B675D /* Authentication.storyboard */; };
		47D51C491DA15604002B675D /* Movies.storyboard in Resources */ = {isa = PBXBuildFile; fileRef = 47D51C481DA15604002B675D /* Movies.storyboard */; };
		47D51C4B1DA156B8002B675D /* MoviesViewController.swift in Sources */ = {isa = PBXBuildFile; fileRef = 47D51C4A1DA156B8002B675D /* MoviesViewController.swift */; };
		47D51C4D1DA15C58002B675D /* APIClient+movies.swift in Sources */ = {isa = PBXBuildFile; fileRef = 47D51C4C1DA15C58002B675D /* APIClient+movies.swift */; };
		47D51C4F1DA15E36002B675D /* Movie.swift in Sources */ = {isa = PBXBuildFile; fileRef = 47D51C4E1DA15E36002B675D /* Movie.swift */; };
		47D51C511DA15E75002B675D /* MovieIds.swift in Sources */ = {isa = PBXBuildFile; fileRef = 47D51C501DA15E75002B675D /* MovieIds.swift */; };
		47D51C551DA168DB002B675D /* MovieTableViewCell.swift in Sources */ = {isa = PBXBuildFile; fileRef = 47D51C531DA168DB002B675D /* MovieTableViewCell.swift */; };
		47D51C561DA168DB002B675D /* MovieTableViewCell.xib in Resources */ = {isa = PBXBuildFile; fileRef = 47D51C541DA168DB002B675D /* MovieTableViewCell.xib */; };
		47D51C591DA1690A002B675D /* MovieCollectionViewCell.swift in Sources */ = {isa = PBXBuildFile; fileRef = 47D51C571DA1690A002B675D /* MovieCollectionViewCell.swift */; };
		47D51C5A1DA1690A002B675D /* MovieCollectionViewCell.xib in Resources */ = {isa = PBXBuildFile; fileRef = 47D51C581DA1690A002B675D /* MovieCollectionViewCell.xib */; };
		47D51C5C1DA16A34002B675D /* MediaImages.swift in Sources */ = {isa = PBXBuildFile; fileRef = 47D51C5B1DA16A34002B675D /* MediaImages.swift */; };
		47D51C5E1DA16A77002B675D /* MediaImageMultiSize.swift in Sources */ = {isa = PBXBuildFile; fileRef = 47D51C5D1DA16A77002B675D /* MediaImageMultiSize.swift */; };
		47EE5CEC1D97F24800BCABFE /* Constant.swift in Sources */ = {isa = PBXBuildFile; fileRef = 47EE5CEB1D97F24800BCABFE /* Constant.swift */; };
		47EE5CF01D9800E000BCABFE /* APIClient.swift in Sources */ = {isa = PBXBuildFile; fileRef = 47EE5CEF1D9800E000BCABFE /* APIClient.swift */; };
		47EE5CF21D98075A00BCABFE /* Utils.swift in Sources */ = {isa = PBXBuildFile; fileRef = 47EE5CF11D98075A00BCABFE /* Utils.swift */; };
		47EE5CF41D980AEE00BCABFE /* APIClient+User.swift in Sources */ = {isa = PBXBuildFile; fileRef = 47EE5CF31D980AEE00BCABFE /* APIClient+User.swift */; };
		47EE5CF61D980BE000BCABFE /* User.swift in Sources */ = {isa = PBXBuildFile; fileRef = 47EE5CF51D980BE000BCABFE /* User.swift */; };
		47EE5CF91D980C7500BCABFE /* UserManager.swift in Sources */ = {isa = PBXBuildFile; fileRef = 47EE5CF81D980C7500BCABFE /* UserManager.swift */; };
		B6043F7B99909DDB44DB6604 /* Pods_Cinephile.framework in Frameworks */ = {isa = PBXBuildFile; fileRef = F7729BE9EFA6C05E69656C74 /* Pods_Cinephile.framework */; };
/* End PBXBuildFile section */

/* Begin PBXFileReference section */
		47C0FE9C1D9710CC005C6955 /* Cinephile.app */ = {isa = PBXFileReference; explicitFileType = wrapper.application; includeInIndex = 0; path = Cinephile.app; sourceTree = BUILT_PRODUCTS_DIR; };
		47C0FE9F1D9710CC005C6955 /* AppDelegate.swift */ = {isa = PBXFileReference; lastKnownFileType = sourcecode.swift; path = AppDelegate.swift; sourceTree = "<group>"; };
		47C0FEA91D9710CC005C6955 /* Base */ = {isa = PBXFileReference; lastKnownFileType = file.storyboard; name = Base; path = Base.lproj/LaunchScreen.storyboard; sourceTree = "<group>"; };
		47C0FEAB1D9710CC005C6955 /* Info.plist */ = {isa = PBXFileReference; lastKnownFileType = text.plist.xml; path = Info.plist; sourceTree = "<group>"; };
		47C0FEB41D9714C9005C6955 /* Auth2Api.swift */ = {isa = PBXFileReference; fileEncoding = 4; lastKnownFileType = sourcecode.swift; path = Auth2Api.swift; sourceTree = "<group>"; };
		47D51C2A1DA13FAF002B675D /* CommonWebViewController.swift */ = {isa = PBXFileReference; fileEncoding = 4; lastKnownFileType = sourcecode.swift; path = CommonWebViewController.swift; sourceTree = "<group>"; };
		47D51C2C1DA13FBA002B675D /* Common.storyboard */ = {isa = PBXFileReference; fileEncoding = 4; lastKnownFileType = file.storyboard; path = Common.storyboard; sourceTree = "<group>"; };
		47D51C2F1DA14030002B675D /* RootTabBarViewController.swift */ = {isa = PBXFileReference; fileEncoding = 4; lastKnownFileType = sourcecode.swift; path = RootTabBarViewController.swift; sourceTree = "<group>"; };
		47D51C321DA1443E002B675D /* R.generated.swift */ = {isa = PBXFileReference; fileEncoding = 4; lastKnownFileType = sourcecode.swift; path = R.generated.swift; sourceTree = SOURCE_ROOT; };
		47D51C361DA146CB002B675D /* LoginViewController.swift */ = {isa = PBXFileReference; fileEncoding = 4; lastKnownFileType = sourcecode.swift; path = LoginViewController.swift; sourceTree = "<group>"; };
		47D51C381DA146FD002B675D /* AccountViewController.swift */ = {isa = PBXFileReference; fileEncoding = 4; lastKnownFileType = sourcecode.swift; path = AccountViewController.swift; sourceTree = "<group>"; };
		47D51C3A1DA14707002B675D /* Account.storyboard */ = {isa = PBXFileReference; fileEncoding = 4; lastKnownFileType = file.storyboard; path = Account.storyboard; sourceTree = "<group>"; };
		47D51C3D1DA1495A002B675D /* Assets.xcassets */ = {isa = PBXFileReference; lastKnownFileType = folder.assetcatalog; path = Assets.xcassets; sourceTree = "<group>"; };
		47D51C3F1DA14BAD002B675D /* RootTabBar.storyboard */ = {isa = PBXFileReference; fileEncoding = 4; lastKnownFileType = file.storyboard; path = RootTabBar.storyboard; sourceTree = "<group>"; };
		47D51C421DA150A6002B675D /* UIColor+enhanced.swift */ = {isa = PBXFileReference; fileEncoding = 4; lastKnownFileType = sourcecode.swift; path = "UIColor+enhanced.swift"; sourceTree = "<group>"; };
		47D51C441DA1536A002B675D /* Authentication.storyboard */ = {isa = PBXFileReference; fileEncoding = 4; lastKnownFileType = file.storyboard; path = Authentication.storyboard; sourceTree = "<group>"; };
		47D51C481DA15604002B675D /* Movies.storyboard */ = {isa = PBXFileReference; fileEncoding = 4; lastKnownFileType = file.storyboard; path = Movies.storyboard; sourceTree = "<group>"; };
		47D51C4A1DA156B8002B675D /* MoviesViewController.swift */ = {isa = PBXFileReference; fileEncoding = 4; lastKnownFileType = sourcecode.swift; path = MoviesViewController.swift; sourceTree = "<group>"; };
		47D51C4C1DA15C58002B675D /* APIClient+movies.swift */ = {isa = PBXFileReference; fileEncoding = 4; lastKnownFileType = sourcecode.swift; path = "APIClient+movies.swift"; sourceTree = "<group>"; };
		47D51C4E1DA15E36002B675D /* Movie.swift */ = {isa = PBXFileReference; fileEncoding = 4; lastKnownFileType = sourcecode.swift; path = Movie.swift; sourceTree = "<group>"; };
		47D51C501DA15E75002B675D /* MovieIds.swift */ = {isa = PBXFileReference; fileEncoding = 4; lastKnownFileType = sourcecode.swift; path = MovieIds.swift; sourceTree = "<group>"; };
		47D51C531DA168DB002B675D /* MovieTableViewCell.swift */ = {isa = PBXFileReference; fileEncoding = 4; lastKnownFileType = sourcecode.swift; path = MovieTableViewCell.swift; sourceTree = "<group>"; };
		47D51C541DA168DB002B675D /* MovieTableViewCell.xib */ = {isa = PBXFileReference; fileEncoding = 4; lastKnownFileType = file.xib; path = MovieTableViewCell.xib; sourceTree = "<group>"; };
		47D51C571DA1690A002B675D /* MovieCollectionViewCell.swift */ = {isa = PBXFileReference; fileEncoding = 4; lastKnownFileType = sourcecode.swift; path = MovieCollectionViewCell.swift; sourceTree = "<group>"; };
		47D51C581DA1690A002B675D /* MovieCollectionViewCell.xib */ = {isa = PBXFileReference; fileEncoding = 4; lastKnownFileType = file.xib; path = MovieCollectionViewCell.xib; sourceTree = "<group>"; };
		47D51C5B1DA16A34002B675D /* MediaImages.swift */ = {isa = PBXFileReference; fileEncoding = 4; lastKnownFileType = sourcecode.swift; path = MediaImages.swift; sourceTree = "<group>"; };
		47D51C5D1DA16A77002B675D /* MediaImageMultiSize.swift */ = {isa = PBXFileReference; fileEncoding = 4; lastKnownFileType = sourcecode.swift; path = MediaImageMultiSize.swift; sourceTree = "<group>"; };
		47EE5CEB1D97F24800BCABFE /* Constant.swift */ = {isa = PBXFileReference; fileEncoding = 4; lastKnownFileType = sourcecode.swift; path = Constant.swift; sourceTree = "<group>"; };
		47EE5CEF1D9800E000BCABFE /* APIClient.swift */ = {isa = PBXFileReference; fileEncoding = 4; lastKnownFileType = sourcecode.swift; path = APIClient.swift; sourceTree = "<group>"; };
		47EE5CF11D98075A00BCABFE /* Utils.swift */ = {isa = PBXFileReference; fileEncoding = 4; lastKnownFileType = sourcecode.swift; path = Utils.swift; sourceTree = "<group>"; };
		47EE5CF31D980AEE00BCABFE /* APIClient+User.swift */ = {isa = PBXFileReference; fileEncoding = 4; lastKnownFileType = sourcecode.swift; path = "APIClient+User.swift"; sourceTree = "<group>"; };
		47EE5CF51D980BE000BCABFE /* User.swift */ = {isa = PBXFileReference; fileEncoding = 4; lastKnownFileType = sourcecode.swift; path = User.swift; sourceTree = "<group>"; };
		47EE5CF81D980C7500BCABFE /* UserManager.swift */ = {isa = PBXFileReference; fileEncoding = 4; lastKnownFileType = sourcecode.swift; path = UserManager.swift; sourceTree = "<group>"; };
		5AB9D5FC5A1B2629655194E1 /* Pods-Cinephile.debug.xcconfig */ = {isa = PBXFileReference; includeInIndex = 1; lastKnownFileType = text.xcconfig; name = "Pods-Cinephile.debug.xcconfig"; path = "Pods/Target Support Files/Pods-Cinephile/Pods-Cinephile.debug.xcconfig"; sourceTree = "<group>"; };
		D50A7E7464BB1B7313C5C3A3 /* Pods-Cinephile.release.xcconfig */ = {isa = PBXFileReference; includeInIndex = 1; lastKnownFileType = text.xcconfig; name = "Pods-Cinephile.release.xcconfig"; path = "Pods/Target Support Files/Pods-Cinephile/Pods-Cinephile.release.xcconfig"; sourceTree = "<group>"; };
		F7729BE9EFA6C05E69656C74 /* Pods_Cinephile.framework */ = {isa = PBXFileReference; explicitFileType = wrapper.framework; includeInIndex = 0; path = Pods_Cinephile.framework; sourceTree = BUILT_PRODUCTS_DIR; };
/* End PBXFileReference section */

/* Begin PBXFrameworksBuildPhase section */
		47C0FE991D9710CC005C6955 /* Frameworks */ = {
			isa = PBXFrameworksBuildPhase;
			buildActionMask = 2147483647;
			files = (
				B6043F7B99909DDB44DB6604 /* Pods_Cinephile.framework in Frameworks */,
			);
			runOnlyForDeploymentPostprocessing = 0;
		};
/* End PBXFrameworksBuildPhase section */

/* Begin PBXGroup section */
		2A5DE3B707CAA9F9A7865456 /* Pods */ = {
			isa = PBXGroup;
			children = (
				5AB9D5FC5A1B2629655194E1 /* Pods-Cinephile.debug.xcconfig */,
				D50A7E7464BB1B7313C5C3A3 /* Pods-Cinephile.release.xcconfig */,
			);
			name = Pods;
			sourceTree = "<group>";
		};
		47C0FE931D9710CC005C6955 = {
			isa = PBXGroup;
			children = (
				47C0FE9E1D9710CC005C6955 /* Cinephile */,
				47C0FE9D1D9710CC005C6955 /* Products */,
				2A5DE3B707CAA9F9A7865456 /* Pods */,
				59459A33F9FCCD6D6E3747C0 /* Frameworks */,
			);
			sourceTree = "<group>";
		};
		47C0FE9D1D9710CC005C6955 /* Products */ = {
			isa = PBXGroup;
			children = (
				47C0FE9C1D9710CC005C6955 /* Cinephile.app */,
			);
			name = Products;
			sourceTree = "<group>";
		};
		47C0FE9E1D9710CC005C6955 /* Cinephile */ = {
			isa = PBXGroup;
			children = (
				47C0FEB11D9714B5005C6955 /* API */,
				47C0FEB21D9714B5005C6955 /* Controller */,
				47EE5CF71D980C6C00BCABFE /* Manager */,
				47C0FEB31D9714B5005C6955 /* Model */,
				47D51C411DA15068002B675D /* Extension */,
				47D51C521DA168C6002B675D /* Views */,
				47D51C3C1DA14940002B675D /* Ressources */,
				47C0FE9F1D9710CC005C6955 /* AppDelegate.swift */,
				47C0FEA81D9710CC005C6955 /* LaunchScreen.storyboard */,
				47C0FEAB1D9710CC005C6955 /* Info.plist */,
				47EE5CEB1D97F24800BCABFE /* Constant.swift */,
				47EE5CF11D98075A00BCABFE /* Utils.swift */,
				47D51C321DA1443E002B675D /* R.generated.swift */,
			);
			path = Cinephile;
			sourceTree = "<group>";
		};
		47C0FEB11D9714B5005C6955 /* API */ = {
			isa = PBXGroup;
			children = (
				47C0FEB41D9714C9005C6955 /* Auth2Api.swift */,
				47EE5CEF1D9800E000BCABFE /* APIClient.swift */,
				47EE5CF31D980AEE00BCABFE /* APIClient+User.swift */,
				47D51C4C1DA15C58002B675D /* APIClient+movies.swift */,
			);
			path = API;
			sourceTree = "<group>";
		};
		47C0FEB21D9714B5005C6955 /* Controller */ = {
			isa = PBXGroup;
			children = (
				47D51C341DA146B1002B675D /* Account */,
				47D51C351DA146B1002B675D /* Authentication */,
				47D51C461DA155F1002B675D /* Movies */,
				47D51C2E1DA14007002B675D /* Navigation */,
				47D51C471DA155F1002B675D /* TVShows */,
				47D51C291DA13FA3002B675D /* Common */,
			);
			path = Controller;
			sourceTree = "<group>";
		};
		47C0FEB31D9714B5005C6955 /* Model */ = {
			isa = PBXGroup;
			children = (
				47EE5CF51D980BE000BCABFE /* User.swift */,
				47D51C4E1DA15E36002B675D /* Movie.swift */,
				47D51C501DA15E75002B675D /* MovieIds.swift */,
				47D51C5B1DA16A34002B675D /* MediaImages.swift */,
				47D51C5D1DA16A77002B675D /* MediaImageMultiSize.swift */,
			);
			path = Model;
			sourceTree = "<group>";
		};
		47D51C291DA13FA3002B675D /* Common */ = {
			isa = PBXGroup;
			children = (
				47D51C2A1DA13FAF002B675D /* CommonWebViewController.swift */,
				47D51C2C1DA13FBA002B675D /* Common.storyboard */,
			);
			path = Common;
			sourceTree = "<group>";
		};
		47D51C2E1DA14007002B675D /* Navigation */ = {
			isa = PBXGroup;
			children = (
				47D51C2F1DA14030002B675D /* RootTabBarViewController.swift */,
				47D51C3F1DA14BAD002B675D /* RootTabBar.storyboard */,
			);
			path = Navigation;
			sourceTree = "<group>";
		};
		47D51C341DA146B1002B675D /* Account */ = {
			isa = PBXGroup;
			children = (
				47D51C381DA146FD002B675D /* AccountViewController.swift */,
				47D51C3A1DA14707002B675D /* Account.storyboard */,
			);
			path = Account;
			sourceTree = "<group>";
		};
		47D51C351DA146B1002B675D /* Authentication */ = {
			isa = PBXGroup;
			children = (
				47D51C361DA146CB002B675D /* LoginViewController.swift */,
				47D51C441DA1536A002B675D /* Authentication.storyboard */,
			);
			path = Authentication;
			sourceTree = "<group>";
		};
		47D51C3C1DA14940002B675D /* Ressources */ = {
			isa = PBXGroup;
			children = (
				47D51C3D1DA1495A002B675D /* Assets.xcassets */,
			);
			path = Ressources;
			sourceTree = "<group>";
		};
		47D51C411DA15068002B675D /* Extension */ = {
			isa = PBXGroup;
			children = (
				47D51C421DA150A6002B675D /* UIColor+enhanced.swift */,
			);
			path = Extension;
			sourceTree = "<group>";
		};
		47D51C461DA155F1002B675D /* Movies */ = {
			isa = PBXGroup;
			children = (
				47D51C4A1DA156B8002B675D /* MoviesViewController.swift */,
				47D51C481DA15604002B675D /* Movies.storyboard */,
			);
			path = Movies;
			sourceTree = "<group>";
		};
		47D51C471DA155F1002B675D /* TVShows */ = {
			isa = PBXGroup;
			children = (
			);
			path = TVShows;
			sourceTree = "<group>";
		};
		47D51C521DA168C6002B675D /* Views */ = {
			isa = PBXGroup;
			children = (
				47D51C531DA168DB002B675D /* MovieTableViewCell.swift */,
				47D51C541DA168DB002B675D /* MovieTableViewCell.xib */,
				47D51C571DA1690A002B675D /* MovieCollectionViewCell.swift */,
				47D51C581DA1690A002B675D /* MovieCollectionViewCell.xib */,
			);
			name = Views;
			path = Controller/Views;
			sourceTree = "<group>";
		};
		47EE5CF71D980C6C00BCABFE /* Manager */ = {
			isa = PBXGroup;
			children = (
				47EE5CF81D980C7500BCABFE /* UserManager.swift */,
			);
			path = Manager;
			sourceTree = "<group>";
		};
		59459A33F9FCCD6D6E3747C0 /* Frameworks */ = {
			isa = PBXGroup;
			children = (
				F7729BE9EFA6C05E69656C74 /* Pods_Cinephile.framework */,
			);
			name = Frameworks;
			sourceTree = "<group>";
		};
/* End PBXGroup section */

/* Begin PBXNativeTarget section */
		47C0FE9B1D9710CC005C6955 /* Cinephile */ = {
			isa = PBXNativeTarget;
			buildConfigurationList = 47C0FEAE1D9710CC005C6955 /* Build configuration list for PBXNativeTarget "Cinephile" */;
			buildPhases = (
				37B5F67BD1E6686BFBD7CCC6 /* [CP] Check Pods Manifest.lock */,
				47D51C311DA143EE002B675D /* R.Swift Run Script */,
				47C0FE981D9710CC005C6955 /* Sources */,
				47C0FE991D9710CC005C6955 /* Frameworks */,
				47C0FE9A1D9710CC005C6955 /* Resources */,
				B1E999647614A8786A8F77B9 /* [CP] Embed Pods Frameworks */,
				E08387ECF7BB85E63DCCD11C /* [CP] Copy Pods Resources */,
			);
			buildRules = (
			);
			dependencies = (
			);
			name = Cinephile;
			productName = Cinephile;
			productReference = 47C0FE9C1D9710CC005C6955 /* Cinephile.app */;
			productType = "com.apple.product-type.application";
		};
/* End PBXNativeTarget section */

/* Begin PBXProject section */
		47C0FE941D9710CC005C6955 /* Project object */ = {
			isa = PBXProject;
			attributes = {
				LastSwiftUpdateCheck = 0800;
				LastUpgradeCheck = 0800;
				ORGANIZATIONNAME = Omerozk;
				TargetAttributes = {
					47C0FE9B1D9710CC005C6955 = {
						CreatedOnToolsVersion = 8.0;
						ProvisioningStyle = Manual;
					};
				};
			};
			buildConfigurationList = 47C0FE971D9710CC005C6955 /* Build configuration list for PBXProject "Cinephile" */;
			compatibilityVersion = "Xcode 3.2";
			developmentRegion = English;
			hasScannedForEncodings = 0;
			knownRegions = (
				en,
				Base,
			);
			mainGroup = 47C0FE931D9710CC005C6955;
			productRefGroup = 47C0FE9D1D9710CC005C6955 /* Products */;
			projectDirPath = "";
			projectRoot = "";
			targets = (
				47C0FE9B1D9710CC005C6955 /* Cinephile */,
			);
		};
/* End PBXProject section */

/* Begin PBXResourcesBuildPhase section */
		47C0FE9A1D9710CC005C6955 /* Resources */ = {
			isa = PBXResourcesBuildPhase;
			buildActionMask = 2147483647;
			files = (
				47D51C401DA14BAD002B675D /* RootTabBar.storyboard in Resources */,
				47D51C451DA1536A002B675D /* Authentication.storyboard in Resources */,
				47D51C561DA168DB002B675D /* MovieTableViewCell.xib in Resources */,
				47C0FEAA1D9710CC005C6955 /* LaunchScreen.storyboard in Resources */,
				47D51C2D1DA13FBA002B675D /* Common.storyboard in Resources */,
				47D51C5A1DA1690A002B675D /* MovieCollectionViewCell.xib in Resources */,
				47D51C3B1DA14707002B675D /* Account.storyboard in Resources */,
				47D51C491DA15604002B675D /* Movies.storyboard in Resources */,
				47D51C3E1DA1495A002B675D /* Assets.xcassets in Resources */,
			);
			runOnlyForDeploymentPostprocessing = 0;
		};
/* End PBXResourcesBuildPhase section */

/* Begin PBXShellScriptBuildPhase section */
		37B5F67BD1E6686BFBD7CCC6 /* [CP] Check Pods Manifest.lock */ = {
			isa = PBXShellScriptBuildPhase;
			buildActionMask = 2147483647;
			files = (
			);
			inputPaths = (
			);
			name = "[CP] Check Pods Manifest.lock";
			outputPaths = (
			);
			runOnlyForDeploymentPostprocessing = 0;
			shellPath = /bin/sh;
			shellScript = "diff \"${PODS_ROOT}/../Podfile.lock\" \"${PODS_ROOT}/Manifest.lock\" > /dev/null\nif [[ $? != 0 ]] ; then\n    cat << EOM\nerror: The sandbox is not in sync with the Podfile.lock. Run 'pod install' or update your CocoaPods installation.\nEOM\n    exit 1\nfi\n";
			showEnvVarsInLog = 0;
		};
		47D51C311DA143EE002B675D /* R.Swift Run Script */ = {
			isa = PBXShellScriptBuildPhase;
			buildActionMask = 2147483647;
			files = (
			);
			inputPaths = (
			);
			name = "R.Swift Run Script";
			outputPaths = (
			);
			runOnlyForDeploymentPostprocessing = 0;
			shellPath = /bin/sh;
			shellScript = "\"$PODS_ROOT/R.swift/rswift\" \"$SRCROOT\"\n";
		};
		B1E999647614A8786A8F77B9 /* [CP] Embed Pods Frameworks */ = {
			isa = PBXShellScriptBuildPhase;
			buildActionMask = 2147483647;
			files = (
			);
			inputPaths = (
			);
			name = "[CP] Embed Pods Frameworks";
			outputPaths = (
			);
			runOnlyForDeploymentPostprocessing = 0;
			shellPath = /bin/sh;
			shellScript = "\"${SRCROOT}/Pods/Target Support Files/Pods-Cinephile/Pods-Cinephile-frameworks.sh\"\n";
			showEnvVarsInLog = 0;
		};
		E08387ECF7BB85E63DCCD11C /* [CP] Copy Pods Resources */ = {
			isa = PBXShellScriptBuildPhase;
			buildActionMask = 2147483647;
			files = (
			);
			inputPaths = (
			);
			name = "[CP] Copy Pods Resources";
			outputPaths = (
			);
			runOnlyForDeploymentPostprocessing = 0;
			shellPath = /bin/sh;
			shellScript = "\"${SRCROOT}/Pods/Target Support Files/Pods-Cinephile/Pods-Cinephile-resources.sh\"\n";
			showEnvVarsInLog = 0;
		};
/* End PBXShellScriptBuildPhase section */

/* Begin PBXSourcesBuildPhase section */
		47C0FE981D9710CC005C6955 /* Sources */ = {
			isa = PBXSourcesBuildPhase;
			buildActionMask = 2147483647;
			files = (
				47D51C371DA146CB002B675D /* LoginViewController.swift in Sources */,
				47C0FEB51D9714C9005C6955 /* Auth2Api.swift in Sources */,
				47D51C391DA146FD002B675D /* AccountViewController.swift in Sources */,
				47D51C5E1DA16A77002B675D /* MediaImageMultiSize.swift in Sources */,
				47EE5CF41D980AEE00BCABFE /* APIClient+User.swift in Sources */,
				47EE5CEC1D97F24800BCABFE /* Constant.swift in Sources */,
				47EE5CF21D98075A00BCABFE /* Utils.swift in Sources */,
				47EE5CF61D980BE000BCABFE /* User.swift in Sources */,
				47D51C591DA1690A002B675D /* MovieCollectionViewCell.swift in Sources */,
				47D51C431DA150A6002B675D /* UIColor+enhanced.swift in Sources */,
				47D51C4D1DA15C58002B675D /* APIClient+movies.swift in Sources */,
				47C0FEA01D9710CC005C6955 /* AppDelegate.swift in Sources */,
				47EE5CF91D980C7500BCABFE /* UserManager.swift in Sources */,
				47D51C511DA15E75002B675D /* MovieIds.swift in Sources */,
				47D51C2B1DA13FAF002B675D /* CommonWebViewController.swift in Sources */,
				47D51C4B1DA156B8002B675D /* MoviesViewController.swift in Sources */,
				47D51C5C1DA16A34002B675D /* MediaImages.swift in Sources */,
				47D51C551DA168DB002B675D /* MovieTableViewCell.swift in Sources */,
				47D51C301DA14030002B675D /* RootTabBarViewController.swift in Sources */,
				47EE5CF01D9800E000BCABFE /* APIClient.swift in Sources */,
				47D51C331DA1443E002B675D /* R.generated.swift in Sources */,
				47D51C4F1DA15E36002B675D /* Movie.swift in Sources */,
			);
			runOnlyForDeploymentPostprocessing = 0;
		};
/* End PBXSourcesBuildPhase section */

/* Begin PBXVariantGroup section */
		47C0FEA81D9710CC005C6955 /* LaunchScreen.storyboard */ = {
			isa = PBXVariantGroup;
			children = (
				47C0FEA91D9710CC005C6955 /* Base */,
			);
			name = LaunchScreen.storyboard;
			sourceTree = "<group>";
		};
/* End PBXVariantGroup section */

/* Begin XCBuildConfiguration section */
		47C0FEAC1D9710CC005C6955 /* Debug */ = {
			isa = XCBuildConfiguration;
			buildSettings = {
				ALWAYS_SEARCH_USER_PATHS = NO;
				CLANG_ANALYZER_NONNULL = YES;
				CLANG_CXX_LANGUAGE_STANDARD = "gnu++0x";
				CLANG_CXX_LIBRARY = "libc++";
				CLANG_ENABLE_MODULES = YES;
				CLANG_ENABLE_OBJC_ARC = YES;
				CLANG_WARN_BOOL_CONVERSION = YES;
				CLANG_WARN_CONSTANT_CONVERSION = YES;
				CLANG_WARN_DIRECT_OBJC_ISA_USAGE = YES_ERROR;
				CLANG_WARN_DOCUMENTATION_COMMENTS = YES;
				CLANG_WARN_EMPTY_BODY = YES;
				CLANG_WARN_ENUM_CONVERSION = YES;
				CLANG_WARN_INFINITE_RECURSION = YES;
				CLANG_WARN_INT_CONVERSION = YES;
				CLANG_WARN_OBJC_ROOT_CLASS = YES_ERROR;
				CLANG_WARN_SUSPICIOUS_MOVE = YES;
				CLANG_WARN_SUSPICIOUS_MOVES = YES;
				CLANG_WARN_UNREACHABLE_CODE = YES;
				CLANG_WARN__DUPLICATE_METHOD_MATCH = YES;
				"CODE_SIGN_IDENTITY[sdk=iphoneos*]" = "iPhone Developer";
				COPY_PHASE_STRIP = NO;
				DEBUG_INFORMATION_FORMAT = dwarf;
				ENABLE_STRICT_OBJC_MSGSEND = YES;
				ENABLE_TESTABILITY = YES;
				GCC_C_LANGUAGE_STANDARD = gnu99;
				GCC_DYNAMIC_NO_PIC = NO;
				GCC_NO_COMMON_BLOCKS = YES;
				GCC_OPTIMIZATION_LEVEL = 0;
				GCC_PREPROCESSOR_DEFINITIONS = (
					"DEBUG=1",
					"$(inherited)",
				);
				GCC_WARN_64_TO_32_BIT_CONVERSION = YES;
				GCC_WARN_ABOUT_RETURN_TYPE = YES_ERROR;
				GCC_WARN_UNDECLARED_SELECTOR = YES;
				GCC_WARN_UNINITIALIZED_AUTOS = YES_AGGRESSIVE;
				GCC_WARN_UNUSED_FUNCTION = YES;
				GCC_WARN_UNUSED_VARIABLE = YES;
				IPHONEOS_DEPLOYMENT_TARGET = 9.0;
				MTL_ENABLE_DEBUG_INFO = YES;
				ONLY_ACTIVE_ARCH = YES;
				SDKROOT = iphoneos;
				SWIFT_ACTIVE_COMPILATION_CONDITIONS = DEBUG;
				SWIFT_OPTIMIZATION_LEVEL = "-Onone";
			};
			name = Debug;
		};
		47C0FEAD1D9710CC005C6955 /* Release */ = {
			isa = XCBuildConfiguration;
			buildSettings = {
				ALWAYS_SEARCH_USER_PATHS = NO;
				CLANG_ANALYZER_NONNULL = YES;
				CLANG_CXX_LANGUAGE_STANDARD = "gnu++0x";
				CLANG_CXX_LIBRARY = "libc++";
				CLANG_ENABLE_MODULES = YES;
				CLANG_ENABLE_OBJC_ARC = YES;
				CLANG_WARN_BOOL_CONVERSION = YES;
				CLANG_WARN_CONSTANT_CONVERSION = YES;
				CLANG_WARN_DIRECT_OBJC_ISA_USAGE = YES_ERROR;
				CLANG_WARN_DOCUMENTATION_COMMENTS = YES;
				CLANG_WARN_EMPTY_BODY = YES;
				CLANG_WARN_ENUM_CONVERSION = YES;
				CLANG_WARN_INFINITE_RECURSION = YES;
				CLANG_WARN_INT_CONVERSION = YES;
				CLANG_WARN_OBJC_ROOT_CLASS = YES_ERROR;
				CLANG_WARN_SUSPICIOUS_MOVE = YES;
				CLANG_WARN_SUSPICIOUS_MOVES = YES;
				CLANG_WARN_UNREACHABLE_CODE = YES;
				CLANG_WARN__DUPLICATE_METHOD_MATCH = YES;
				"CODE_SIGN_IDENTITY[sdk=iphoneos*]" = "iPhone Developer";
				COPY_PHASE_STRIP = NO;
				DEBUG_INFORMATION_FORMAT = "dwarf-with-dsym";
				ENABLE_NS_ASSERTIONS = NO;
				ENABLE_STRICT_OBJC_MSGSEND = YES;
				GCC_C_LANGUAGE_STANDARD = gnu99;
				GCC_NO_COMMON_BLOCKS = YES;
				GCC_WARN_64_TO_32_BIT_CONVERSION = YES;
				GCC_WARN_ABOUT_RETURN_TYPE = YES_ERROR;
				GCC_WARN_UNDECLARED_SELECTOR = YES;
				GCC_WARN_UNINITIALIZED_AUTOS = YES_AGGRESSIVE;
				GCC_WARN_UNUSED_FUNCTION = YES;
				GCC_WARN_UNUSED_VARIABLE = YES;
				IPHONEOS_DEPLOYMENT_TARGET = 9.0;
				MTL_ENABLE_DEBUG_INFO = NO;
				SDKROOT = iphoneos;
				SWIFT_OPTIMIZATION_LEVEL = "-Owholemodule";
				VALIDATE_PRODUCT = YES;
			};
			name = Release;
		};
		47C0FEAF1D9710CC005C6955 /* Debug */ = {
			isa = XCBuildConfiguration;
			baseConfigurationReference = 5AB9D5FC5A1B2629655194E1 /* Pods-Cinephile.debug.xcconfig */;
			buildSettings = {
				ALWAYS_EMBED_SWIFT_STANDARD_LIBRARIES = YES;
				ASSETCATALOG_COMPILER_APPICON_NAME = AppIcon;
				DEVELOPMENT_TEAM = "";
				INFOPLIST_FILE = Cinephile/Info.plist;
				LD_RUNPATH_SEARCH_PATHS = "$(inherited) @executable_path/Frameworks";
				PRODUCT_BUNDLE_IDENTIFIER = com.omerozk.Cinephile;
				PRODUCT_NAME = "$(TARGET_NAME)";
				SWIFT_VERSION = 3.0;
			};
			name = Debug;
		};
		47C0FEB01D9710CC005C6955 /* Release */ = {
			isa = XCBuildConfiguration;
			baseConfigurationReference = D50A7E7464BB1B7313C5C3A3 /* Pods-Cinephile.release.xcconfig */;
			buildSettings = {
				ALWAYS_EMBED_SWIFT_STANDARD_LIBRARIES = YES;
				ASSETCATALOG_COMPILER_APPICON_NAME = AppIcon;
				DEVELOPMENT_TEAM = "";
				INFOPLIST_FILE = Cinephile/Info.plist;
				LD_RUNPATH_SEARCH_PATHS = "$(inherited) @executable_path/Frameworks";
				PRODUCT_BUNDLE_IDENTIFIER = com.omerozk.Cinephile;
				PRODUCT_NAME = "$(TARGET_NAME)";
				SWIFT_VERSION = 3.0;
			};
			name = Release;
		};
/* End XCBuildConfiguration section */

/* Begin XCConfigurationList section */
		47C0FE971D9710CC005C6955 /* Build configuration list for PBXProject "Cinephile" */ = {
			isa = XCConfigurationList;
			buildConfigurations = (
				47C0FEAC1D9710CC005C6955 /* Debug */,
				47C0FEAD1D9710CC005C6955 /* Release */,
			);
			defaultConfigurationIsVisible = 0;
			defaultConfigurationName = Release;
		};
		47C0FEAE1D9710CC005C6955 /* Build configuration list for PBXNativeTarget "Cinephile" */ = {
			isa = XCConfigurationList;
			buildConfigurations = (
				47C0FEAF1D9710CC005C6955 /* Debug */,
				47C0FEB01D9710CC005C6955 /* Release */,
			);
			defaultConfigurationIsVisible = 0;
			defaultConfigurationName = Release;
		};
/* End XCConfigurationList section */
	};
	rootObject = 47C0FE941D9710CC005C6955 /* Project object */;
}
